
Microsoft Visual Studio Solution File, Format Version 12.00
Project("{FAE04EC0-301F-11D3-BF4B-00C04F79EFBC}") = "DartGaming.Server.WebApi", "DartGaming.Server.WebApi\DartGaming.Server.WebApi.csproj", "{5D19497D-44E7-4DF7-A097-C3C4212D8D76}"
EndProject
Project("{FAE04EC0-301F-11D3-BF4B-00C04F79EFBC}") = "DartGaming.Server.Tests", "DartGaming.Server.Tests\DartGaming.Server.Tests.csproj", "{896E79AB-B194-479E-940D-A8342476E06E}"
EndProject
Global
	GlobalSection(SolutionConfigurationPlatforms) = preSolution
		Debug|Any CPU = Debug|Any CPU
		Release|Any CPU = Release|Any CPU
	EndGlobalSection
	GlobalSection(ProjectConfigurationPlatforms) = postSolution
		{5D19497D-44E7-4DF7-A097-C3C4212D8D76}.Debug|Any CPU.ActiveCfg = Debug|Any CPU
		{5D19497D-44E7-4DF7-A097-C3C4212D8D76}.Debug|Any CPU.Build.0 = Debug|Any CPU
		{5D19497D-44E7-4DF7-A097-C3C4212D8D76}.Release|Any CPU.ActiveCfg = Release|Any CPU
		{5D19497D-44E7-4DF7-A097-C3C4212D8D76}.Release|Any CPU.Build.0 = Release|Any CPU
		{896E79AB-B194-479E-940D-A8342476E06E}.Debug|Any CPU.ActiveCfg = Debug|Any CPU
		{896E79AB-B194-479E-940D-A8342476E06E}.Debug|Any CPU.Build.0 = Debug|Any CPU
		{896E79AB-B194-479E-940D-A8342476E06E}.Release|Any CPU.ActiveCfg = Release|Any CPU
		{896E79AB-B194-479E-940D-A8342476E06E}.Release|Any CPU.Build.0 = Release|Any CPU
	EndGlobalSection
EndGlobal
